
Microsoft Visual Studio Solution File, Format Version 12.00
# Visual Studio Express 2013 for Windows Desktop
VisualStudioVersion = 12.0.40629.0
MinimumVisualStudioVersion = 10.0.40219.1
Project("{8BC9CEB8-8B4A-11D0-8D11-00A0C91BC942}") = "Function Project 1", "Function Project 1\Function Project 1.vcxproj", "{84C9DE86-2E3C-441A-B378-DF01E9500B13}"
EndProject
Project("{8BC9CEB8-8B4A-11D0-8D11-00A0C91BC942}") = "Function Project 2", "Function Project 2\Function Project 2.vcxproj", "{D46ACE87-C8D3-4E8C-8ADD-655E36A8E5EB}"
EndProject
Global
	GlobalSection(SolutionConfigurationPlatforms) = preSolution
		Debug|Win32 = Debug|Win32
		Release|Win32 = Release|Win32
	EndGlobalSection
	GlobalSection(ProjectConfigurationPlatforms) = postSolution
		{84C9DE86-2E3C-441A-B378-DF01E9500B13}.Debug|Win32.ActiveCfg = Debug|Win32
		{84C9DE86-2E3C-441A-B378-DF01E9500B13}.Debug|Win32.Build.0 = Debug|Win32
		{84C9DE86-2E3C-441A-B378-DF01E9500B13}.Release|Win32.ActiveCfg = Release|Win32
		{84C9DE86-2E3C-441A-B378-DF01E9500B13}.Release|Win32.Build.0 = Release|Win32
		{D46ACE87-C8D3-4E8C-8ADD-655E36A8E5EB}.Debug|Win32.ActiveCfg = Debug|Win32
		{D46ACE87-C8D3-4E8C-8ADD-655E36A8E5EB}.Debug|Win32.Build.0 = Debug|Win32
		{D46ACE87-C8D3-4E8C-8ADD-655E36A8E5EB}.Release|Win32.ActiveCfg = Release|Win32
		{D46ACE87-C8D3-4E8C-8ADD-655E36A8E5EB}.Release|Win32.Build.0 = Release|Win32
	EndGlobalSection
	GlobalSection(SolutionProperties) = preSolution
		HideSolutionNode = FALSE
	EndGlobalSection
EndGlobal
