
Microsoft Visual Studio Solution File, Format Version 12.00
# Visual Studio 14
VisualStudioVersion = 14.0.23107.0
MinimumVisualStudioVersion = 10.0.40219.1
Project("{8BC9CEB8-8B4A-11D0-8D11-00A0C91BC942}") = "Variable Project 1", "Variable Project 1\Variable Project 1.vcxproj", "{C80EB35A-3554-4BE2-BD15-F6AB1759CBDB}"
EndProject
Global
	GlobalSection(SolutionConfigurationPlatforms) = preSolution
		Debug|x64 = Debug|x64
		Debug|x86 = Debug|x86
		Release|x64 = Release|x64
		Release|x86 = Release|x86
	EndGlobalSection
	GlobalSection(ProjectConfigurationPlatforms) = postSolution
		{C80EB35A-3554-4BE2-BD15-F6AB1759CBDB}.Debug|x64.ActiveCfg = Debug|x64
		{C80EB35A-3554-4BE2-BD15-F6AB1759CBDB}.Debug|x64.Build.0 = Debug|x64
		{C80EB35A-3554-4BE2-BD15-F6AB1759CBDB}.Debug|x86.ActiveCfg = Debug|Win32
		{C80EB35A-3554-4BE2-BD15-F6AB1759CBDB}.Debug|x86.Build.0 = Debug|Win32
		{C80EB35A-3554-4BE2-BD15-F6AB1759CBDB}.Release|x64.ActiveCfg = Release|x64
		{C80EB35A-3554-4BE2-BD15-F6AB1759CBDB}.Release|x64.Build.0 = Release|x64
		{C80EB35A-3554-4BE2-BD15-F6AB1759CBDB}.Release|x86.ActiveCfg = Release|Win32
		{C80EB35A-3554-4BE2-BD15-F6AB1759CBDB}.Release|x86.Build.0 = Release|Win32
	EndGlobalSection
	GlobalSection(SolutionProperties) = preSolution
		HideSolutionNode = FALSE
	EndGlobalSection
EndGlobal
