Microsoft Visual Studio Solution File, Format Version 11.00
# Visual Studio 2008

Project("{1B62753A-94D2-F651-CC35-797290A3E01F}") = "MoveBox", "Assembly-CSharp-vs.csproj", "{9B3CECB0-78CB-5A5B-8B00-BF3AB6EE8D9F}"
EndProject
Global
	GlobalSection(SolutionConfigurationPlatforms) = preSolution
		Debug|Any CPU = Debug|Any CPU
		Release|Any CPU = Release|Any CPU
	EndGlobalSection
	GlobalSection(ProjectConfigurationPlatforms) = postSolution
		{9B3CECB0-78CB-5A5B-8B00-BF3AB6EE8D9F}.Debug|Any CPU.ActiveCfg = Debug|Any CPU
		{9B3CECB0-78CB-5A5B-8B00-BF3AB6EE8D9F}.Debug|Any CPU.Build.0 = Debug|Any CPU
		{9B3CECB0-78CB-5A5B-8B00-BF3AB6EE8D9F}.Release|Any CPU.ActiveCfg = Release|Any CPU
		{9B3CECB0-78CB-5A5B-8B00-BF3AB6EE8D9F}.Release|Any CPU.Build.0 = Release|Any CPU
	EndGlobalSection
	GlobalSection(SolutionProperties) = preSolution
		HideSolutionNode = FALSE
	EndGlobalSection
				GlobalSection(MonoDevelopProperties) = preSolution
		StartupItem = Assembly-CSharp.csproj
	EndGlobalSection

EndGlobal
