Microsoft Visual Studio Solution File, Format Version 11.00
# Visual Studio 2008

Project("{3079329F-9ADE-646A-7E5B-F4AA481DAD7A}") = "Game Analysis", "Assembly-CSharp.csproj", "{3BD5A4AA-002D-15C5-A4A4-F8C9D9F97431}"
EndProject
Global
	GlobalSection(SolutionConfigurationPlatforms) = preSolution
		Debug|Any CPU = Debug|Any CPU
		Release|Any CPU = Release|Any CPU
	EndGlobalSection
	GlobalSection(ProjectConfigurationPlatforms) = postSolution
		{3BD5A4AA-002D-15C5-A4A4-F8C9D9F97431}.Debug|Any CPU.ActiveCfg = Debug|Any CPU
		{3BD5A4AA-002D-15C5-A4A4-F8C9D9F97431}.Debug|Any CPU.Build.0 = Debug|Any CPU
		{3BD5A4AA-002D-15C5-A4A4-F8C9D9F97431}.Release|Any CPU.ActiveCfg = Release|Any CPU
		{3BD5A4AA-002D-15C5-A4A4-F8C9D9F97431}.Release|Any CPU.Build.0 = Release|Any CPU
	EndGlobalSection
	GlobalSection(SolutionProperties) = preSolution
		HideSolutionNode = FALSE
	EndGlobalSection
	GlobalSection(MonoDevelopProperties) = preSolution
		StartupItem = Assembly-CSharp.csproj
	EndGlobalSection
EndGlobal
