
Microsoft Visual Studio Solution File, Format Version 12.00
# Visual Studio 14
VisualStudioVersion = 14.0.23107.0
MinimumVisualStudioVersion = 10.0.40219.1
Project("{FAE04EC0-301F-11D3-BF4B-00C04F79EFBC}") = "Adgp_110Assessment", "Adgp_110Assessment\Adgp_110Assessment.csproj", "{BF8E4DEF-9121-4242-9B12-6A4AE21AEEBC}"
EndProject
Global
	GlobalSection(SolutionConfigurationPlatforms) = preSolution
		Debug|Any CPU = Debug|Any CPU
		Release|Any CPU = Release|Any CPU
	EndGlobalSection
	GlobalSection(ProjectConfigurationPlatforms) = postSolution
		{BF8E4DEF-9121-4242-9B12-6A4AE21AEEBC}.Debug|Any CPU.ActiveCfg = Debug|Any CPU
		{BF8E4DEF-9121-4242-9B12-6A4AE21AEEBC}.Debug|Any CPU.Build.0 = Debug|Any CPU
		{BF8E4DEF-9121-4242-9B12-6A4AE21AEEBC}.Release|Any CPU.ActiveCfg = Release|Any CPU
		{BF8E4DEF-9121-4242-9B12-6A4AE21AEEBC}.Release|Any CPU.Build.0 = Release|Any CPU
	EndGlobalSection
	GlobalSection(SolutionProperties) = preSolution
		HideSolutionNode = FALSE
	EndGlobalSection
EndGlobal
